
Microsoft Visual Studio Solution File, Format Version 12.00
Project("{FAE04EC0-301F-11D3-BF4B-00C04F79EFBC}") = "Program", "Program\Program.csproj", "{53548E80-3C2A-4295-8236-9B15E4D8D89B}"
EndProject
Project("{FAE04EC0-301F-11D3-BF4B-00C04F79EFBC}") = "Program.Tests", "Program.Tests\Program.Tests.csproj", "{13D32F86-393B-4AC2-91ED-66CBB3E465A4}"
EndProject
Global
	GlobalSection(SolutionConfigurationPlatforms) = preSolution
		Debug|Any CPU = Debug|Any CPU
		Release|Any CPU = Release|Any CPU
	EndGlobalSection
	GlobalSection(ProjectConfigurationPlatforms) = postSolution
		{53548E80-3C2A-4295-8236-9B15E4D8D89B}.Debug|Any CPU.ActiveCfg = Debug|Any CPU
		{53548E80-3C2A-4295-8236-9B15E4D8D89B}.Debug|Any CPU.Build.0 = Debug|Any CPU
		{53548E80-3C2A-4295-8236-9B15E4D8D89B}.Release|Any CPU.ActiveCfg = Release|Any CPU
		{53548E80-3C2A-4295-8236-9B15E4D8D89B}.Release|Any CPU.Build.0 = Release|Any CPU
		{13D32F86-393B-4AC2-91ED-66CBB3E465A4}.Debug|Any CPU.ActiveCfg = Debug|Any CPU
		{13D32F86-393B-4AC2-91ED-66CBB3E465A4}.Debug|Any CPU.Build.0 = Debug|Any CPU
		{13D32F86-393B-4AC2-91ED-66CBB3E465A4}.Release|Any CPU.ActiveCfg = Release|Any CPU
		{13D32F86-393B-4AC2-91ED-66CBB3E465A4}.Release|Any CPU.Build.0 = Release|Any CPU
	EndGlobalSection
EndGlobal
